{
  "name": "public",
  "lockfileVersion": 3,
  "requires": true,
  "packages": {
    "": {
      "dependencies": {
        "filepond": "^4.30.4",
        "filepond-plugin-image-preview": "^4.6.11",
        "filepond-plugin-image-validate-size": "^1.2.7"
      }
    },
    "node_modules/filepond": {
      "version": "4.30.4",
      "resolved": "https://registry.npmjs.org/filepond/-/filepond-4.30.4.tgz",
      "integrity": "sha512-FCwsMvG9iiEs6uobdDrTaKsCgsqys0NuLgPPD8n37AYVYBiiDkrPkk9MSIU5rT2FahYcL1bScYI9huIPtlzqyA=="
    },
    "node_modules/filepond-plugin-image-preview": {
      "version": "4.6.11",
      "resolved": "https://registry.npmjs.org/filepond-plugin-image-preview/-/filepond-plugin-image-preview-4.6.11.tgz",
      "integrity": "sha512-0EmQ9HnOb/X0xc5rLcNRhhmdUbp7oiicRwQrcr90ZfVmPJOOZoX3ZGUEsEPj7luMI55huguhcVozdESxtqnuRw==",
      "peerDependencies": {
        "filepond": ">=4.x <5.x"
      }
    },
    "node_modules/filepond-plugin-image-validate-size": {
      "version": "1.2.7",
      "resolved": "https://registry.npmjs.org/filepond-plugin-image-validate-size/-/filepond-plugin-image-validate-size-1.2.7.tgz",
      "integrity": "sha512-Sxu2XTbQHf9HRWu+AQg6zJkww0O6hTXq9IX5/SAJLuvohpF23XTzCNg+29KXr4Wulm70/jSSpMcJURn9AU72rA==",
      "peerDependencies": {
        "filepond": ">=1.8.x <5.x"
      }
    }
  }
}
